
Microsoft Visual Studio Solution File, Format Version 12.00
# Visual Studio 15
VisualStudioVersion = 15.0.28307.168
MinimumVisualStudioVersion = 10.0.40219.1
Project("{FAE04EC0-301F-11D3-BF4B-00C04F79EFBC}") = "Strings-Ex2", "Strings-Ex2\Strings-Ex2.csproj", "{4F9001C9-9A46-43F1-BFA1-04A7D8FF8262}"
EndProject
Global
	GlobalSection(SolutionConfigurationPlatforms) = preSolution
		Debug|Any CPU = Debug|Any CPU
		Release|Any CPU = Release|Any CPU
	EndGlobalSection
	GlobalSection(ProjectConfigurationPlatforms) = postSolution
		{4F9001C9-9A46-43F1-BFA1-04A7D8FF8262}.Debug|Any CPU.ActiveCfg = Debug|Any CPU
		{4F9001C9-9A46-43F1-BFA1-04A7D8FF8262}.Debug|Any CPU.Build.0 = Debug|Any CPU
		{4F9001C9-9A46-43F1-BFA1-04A7D8FF8262}.Release|Any CPU.ActiveCfg = Release|Any CPU
		{4F9001C9-9A46-43F1-BFA1-04A7D8FF8262}.Release|Any CPU.Build.0 = Release|Any CPU
	EndGlobalSection
	GlobalSection(SolutionProperties) = preSolution
		HideSolutionNode = FALSE
	EndGlobalSection
	GlobalSection(ExtensibilityGlobals) = postSolution
		SolutionGuid = {87C8AC72-1B83-4FC9-9C2E-BB124CC0F631}
	EndGlobalSection
EndGlobal
